
Microsoft Visual Studio Solution File, Format Version 12.00
# Visual Studio Version 17
VisualStudioVersion = 17.2.32526.322
MinimumVisualStudioVersion = 10.0.40219.1
Project("{FAE04EC0-301F-11D3-BF4B-00C04F79EFBC}") = "Staff.WebApi", "Staff.WebApi\Staff.WebApi.csproj", "{F33F3160-5CF8-4142-8E5E-EB379536EC4F}"
EndProject
Project("{FAE04EC0-301F-11D3-BF4B-00C04F79EFBC}") = "Staff.Infrustructure", "Staff.Infrustructure\Staff.Infrustructure.csproj", "{06D52B7D-D1E2-4682-B5BE-9A98C96B4429}"
EndProject
Global
	GlobalSection(SolutionConfigurationPlatforms) = preSolution
		Debug|Any CPU = Debug|Any CPU
		Release|Any CPU = Release|Any CPU
	EndGlobalSection
	GlobalSection(ProjectConfigurationPlatforms) = postSolution
		{F33F3160-5CF8-4142-8E5E-EB379536EC4F}.Debug|Any CPU.ActiveCfg = Debug|Any CPU
		{F33F3160-5CF8-4142-8E5E-EB379536EC4F}.Debug|Any CPU.Build.0 = Debug|Any CPU
		{F33F3160-5CF8-4142-8E5E-EB379536EC4F}.Release|Any CPU.ActiveCfg = Release|Any CPU
		{F33F3160-5CF8-4142-8E5E-EB379536EC4F}.Release|Any CPU.Build.0 = Release|Any CPU
		{06D52B7D-D1E2-4682-B5BE-9A98C96B4429}.Debug|Any CPU.ActiveCfg = Debug|Any CPU
		{06D52B7D-D1E2-4682-B5BE-9A98C96B4429}.Debug|Any CPU.Build.0 = Debug|Any CPU
		{06D52B7D-D1E2-4682-B5BE-9A98C96B4429}.Release|Any CPU.ActiveCfg = Release|Any CPU
		{06D52B7D-D1E2-4682-B5BE-9A98C96B4429}.Release|Any CPU.Build.0 = Release|Any CPU
	EndGlobalSection
	GlobalSection(SolutionProperties) = preSolution
		HideSolutionNode = FALSE
	EndGlobalSection
	GlobalSection(ExtensibilityGlobals) = postSolution
		SolutionGuid = {58DDECEB-F189-4D8B-ADC8-4EE2548C53A6}
	EndGlobalSection
EndGlobal
